<?xml version="1.0" encoding="UTF-8" standalone="yes" ?>
<CodeBlocks_project_file>
	<FileVersion major="1" minor="6" />
	<Project>
		<Option title="client" />
		<Option makefile="makefile" />
		<Option makefile_is_custom="1" />
		<Option execution_dir="/home/claudio/proyectos/tallerDeProgramacionI/client" />
		<Option pch_mode="2" />
		<Option compiler="gcc" />
		<Build>
			<Target title="Debug">
				<Option output="client/main" prefix_auto="1" extension_auto="1" />
				<Option object_output="obj/Debug/" />
				<Option type="1" />
				<Option compiler="gcc" />
				<Compiler>
					<Add option="-g" />
				</Compiler>
				<MakeCommands>
					<Build command="$make -f $makefile" />
					<CompileFile command="$make -f $makefile $file" />
					<Clean command="$make -f $makefile clean$target" />
					<DistClean command="$make -f $makefile distclean$target" />
					<AskRebuildNeeded command="$make -q -f $makefile $target" />
					<SilentBuild command="$make -f $makefile &gt; $(CMD_NULL)" />
				</MakeCommands>
			</Target>
			<Target title="Release">
				<Option output="bin/Release/client" prefix_auto="1" extension_auto="1" />
				<Option object_output="obj/Release/" />
				<Option type="1" />
				<Option compiler="gcc" />
				<Compiler>
					<Add option="-O2" />
				</Compiler>
				<Linker>
					<Add option="-s" />
				</Linker>
			</Target>
		</Build>
		<Compiler>
			<Add option="-Wall" />
		</Compiler>
		<Unit filename="client/headers/controller/CanchaController.h" />
		<Unit filename="client/headers/interfaces/Loggable.h" />
		<Unit filename="client/headers/util/Constants.h" />
		<Unit filename="client/headers/util/logger.h" />
		<Unit filename="client/headers/view/Dot.h" />
		<Unit filename="client/headers/view/LTexture.h" />
		<Unit filename="client/images/bg.png" />
		<Unit filename="client/images/cancha_800x600.bmp" />
		<Unit filename="client/images/dot.bmp" />
		<Unit filename="client/makefile" />
		<Unit filename="client/src/controller/CanchaController.cpp" />
		<Unit filename="client/src/main.cpp" />
		<Unit filename="client/src/util/logger.cpp" />
		<Unit filename="client/src/view/Dot.cpp" />
		<Unit filename="client/src/view/LTexture.cpp" />
		<Extensions>
			<code_completion />
			<debugger />
		</Extensions>
	</Project>
</CodeBlocks_project_file>
